
Microsoft Visual Studio Solution File, Format Version 12.00
# Visual Studio Version 17
VisualStudioVersion = 17.7.34009.444
MinimumVisualStudioVersion = 10.0.40219.1
Project("{9A19103F-16F7-4668-BE54-9A1E7A4F7556}") = "CRTPNodesLibrary", "CRTPNodesLibrary.csproj", "{76D42A7C-BBC4-478E-A9EC-0FB4123EE778}"
EndProject
Global
	GlobalSection(SolutionConfigurationPlatforms) = preSolution
		Debug|Any CPU = Debug|Any CPU
		Release|Any CPU = Release|Any CPU
	EndGlobalSection
	GlobalSection(ProjectConfigurationPlatforms) = postSolution
		{76D42A7C-BBC4-478E-A9EC-0FB4123EE778}.Debug|Any CPU.ActiveCfg = Debug|Any CPU
		{76D42A7C-BBC4-478E-A9EC-0FB4123EE778}.Debug|Any CPU.Build.0 = Debug|Any CPU
		{76D42A7C-BBC4-478E-A9EC-0FB4123EE778}.Release|Any CPU.ActiveCfg = Release|Any CPU
		{76D42A7C-BBC4-478E-A9EC-0FB4123EE778}.Release|Any CPU.Build.0 = Release|Any CPU
	EndGlobalSection
	GlobalSection(SolutionProperties) = preSolution
		HideSolutionNode = FALSE
	EndGlobalSection
	GlobalSection(ExtensibilityGlobals) = postSolution
		SolutionGuid = {18601F44-F503-437F-A9F1-07A273D17D9C}
	EndGlobalSection
EndGlobal
